
Microsoft Visual Studio Solution File, Format Version 12.00
# Visual Studio Version 16
VisualStudioVersion = 16.0.31105.61
MinimumVisualStudioVersion = 10.0.40219.1
Project("{FAE04EC0-301F-11D3-BF4B-00C04F79EFBC}") = "NewsForAll", "NewsForAll\NewsForAll.csproj", "{7BA9EA7A-DF6A-44AC-B304-352C1B60A101}"
EndProject
Global
	GlobalSection(SolutionConfigurationPlatforms) = preSolution
		Debug|Any CPU = Debug|Any CPU
		Release|Any CPU = Release|Any CPU
	EndGlobalSection
	GlobalSection(ProjectConfigurationPlatforms) = postSolution
		{7BA9EA7A-DF6A-44AC-B304-352C1B60A101}.Debug|Any CPU.ActiveCfg = Debug|Any CPU
		{7BA9EA7A-DF6A-44AC-B304-352C1B60A101}.Debug|Any CPU.Build.0 = Debug|Any CPU
		{7BA9EA7A-DF6A-44AC-B304-352C1B60A101}.Release|Any CPU.ActiveCfg = Release|Any CPU
		{7BA9EA7A-DF6A-44AC-B304-352C1B60A101}.Release|Any CPU.Build.0 = Release|Any CPU
	EndGlobalSection
	GlobalSection(SolutionProperties) = preSolution
		HideSolutionNode = FALSE
	EndGlobalSection
	GlobalSection(ExtensibilityGlobals) = postSolution
		SolutionGuid = {2E25F47E-D32D-4EB8-8012-062EAB69A682}
	EndGlobalSection
EndGlobal
